<?xml version="1.0" encoding="utf-8"?>
<Project ToolsVersion="4.0" xmlns="http://schemas.microsoft.com/developer/msbuild/2003">
  <ItemGroup>
    <Filter Include="Graphics">
      <UniqueIdentifier>{04d152a8-6d06-4119-8fbf-9f92441f7ab9}</UniqueIdentifier>
    </Filter>
    <Filter Include="Math">
      <UniqueIdentifier>{c0bfb454-6f47-4622-bec1-9aece6e9183b}</UniqueIdentifier>
    </Filter>
  </ItemGroup>
  <ItemGroup>
    <ClInclude Include="BoundingBox.h">
      <Filter>Math</Filter>
    </ClInclude>
    <ClInclude Include="BoundingFrustum.h">
      <Filter>Math</Filter>
    </ClInclude>
    <ClInclude Include="BoundingSphere.h">
      <Filter>Math</Filter>
    </ClInclude>
    <ClInclude Include="BoundingVolume.h">
      <Filter>Math</Filter>
    </ClInclude>
    <ClInclude Include="Color4.h">
      <Filter>Graphics</Filter>
    </ClInclude>
    <ClInclude Include="MathHelper.h">
      <Filter>Math</Filter>
    </ClInclude>
    <ClInclude Include="Plane.h">
      <Filter>Math</Filter>
    </ClInclude>
    <ClInclude Include="Quaternion.h">
      <Filter>Math</Filter>
    </ClInclude>
    <ClInclude Include="RandomHelper.h">
      <Filter>Math</Filter>
    </ClInclude>
    <ClInclude Include="Ray.h">
      <Filter>Math</Filter>
    </ClInclude>
    <ClInclude Include="Rectangle2.h">
      <Filter>Math</Filter>
    </ClInclude>
    <ClInclude Include="Size2.h">
      <Filter>Math</Filter>
    </ClInclude>
    <ClInclude Include="Size3.h">
      <Filter>Math</Filter>
    </ClInclude>
    <ClInclude Include="Triangle.h">
      <Filter>Math</Filter>
    </ClInclude>
    <ClInclude Include="Vector2.h">
      <Filter>Math</Filter>
    </ClInclude>
    <ClInclude Include="Vector3.h">
      <Filter>Math</Filter>
    </ClInclude>
    <ClInclude Include="Vector4.h">
      <Filter>Math</Filter>
    </ClInclude>
    <ClInclude Include="MinMax.h">
      <Filter>Math</Filter>
    </ClInclude>
  </ItemGroup>
  <ItemGroup>
    <ClCompile Include="BoundingBox.cpp">
      <Filter>Math</Filter>
    </ClCompile>
    <ClCompile Include="BoundingFrustum.cpp">
      <Filter>Math</Filter>
    </ClCompile>
    <ClCompile Include="BoundingSphere.cpp">
      <Filter>Math</Filter>
    </ClCompile>
    <ClCompile Include="BoundingVolume.cpp">
      <Filter>Math</Filter>
    </ClCompile>
    <ClCompile Include="Color4.cpp">
      <Filter>Graphics</Filter>
    </ClCompile>
    <ClCompile Include="MathHelper.cpp">
      <Filter>Math</Filter>
    </ClCompile>
    <ClCompile Include="Plane.cpp">
      <Filter>Math</Filter>
    </ClCompile>
    <ClCompile Include="Quaternion.cpp">
      <Filter>Math</Filter>
    </ClCompile>
    <ClCompile Include="RandomHelper.cpp">
      <Filter>Math</Filter>
    </ClCompile>
    <ClCompile Include="Ray.cpp">
      <Filter>Math</Filter>
    </ClCompile>
    <ClCompile Include="Rectangle2.cpp">
      <Filter>Math</Filter>
    </ClCompile>
    <ClCompile Include="Size2.cpp">
      <Filter>Math</Filter>
    </ClCompile>
    <ClCompile Include="Size3.cpp">
      <Filter>Math</Filter>
    </ClCompile>
    <ClCompile Include="Triangle.cpp">
      <Filter>Math</Filter>
    </ClCompile>
    <ClCompile Include="Vector2.cpp">
      <Filter>Math</Filter>
    </ClCompile>
    <ClCompile Include="Vector3.cpp">
      <Filter>Math</Filter>
    </ClCompile>
    <ClCompile Include="Vector4.cpp">
      <Filter>Math</Filter>
    </ClCompile>
    <ClCompile Include="MinMax.cpp">
      <Filter>Math</Filter>
    </ClCompile>
  </ItemGroup>
</Project>